
Microsoft Visual Studio Solution File, Format Version 12.00
# Visual Studio Version 16
VisualStudioVersion = 16.0.29424.173
MinimumVisualStudioVersion = 10.0.40219.1
Project("{9A19103F-16F7-4668-BE54-9A1E7A4F7556}") = "WpfAppWithException", "WpfAppWithException\WpfAppWithException.csproj", "{45E0056C-F0B5-42B9-916E-D2CFF306F112}"
EndProject
Project("{9A19103F-16F7-4668-BE54-9A1E7A4F7556}") = "AsyncVoidExceptionHandle", "AsyncVoidExceptionHandle\AsyncVoidExceptionHandle.csproj", "{FC9313BD-6718-4B21-A77F-3F0E6ABC775B}"
EndProject
Project("{FAE04EC0-301F-11D3-BF4B-00C04F79EFBC}") = "AsyncBlockSample", "AsyncBlockSample\AsyncBlockSample.csproj", "{DA82FA9D-6C87-4070-8007-EE9FD9C177DB}"
EndProject
Global
	GlobalSection(SolutionConfigurationPlatforms) = preSolution
		Debug|Any CPU = Debug|Any CPU
		Release|Any CPU = Release|Any CPU
	EndGlobalSection
	GlobalSection(ProjectConfigurationPlatforms) = postSolution
		{45E0056C-F0B5-42B9-916E-D2CFF306F112}.Debug|Any CPU.ActiveCfg = Debug|Any CPU
		{45E0056C-F0B5-42B9-916E-D2CFF306F112}.Debug|Any CPU.Build.0 = Debug|Any CPU
		{45E0056C-F0B5-42B9-916E-D2CFF306F112}.Release|Any CPU.ActiveCfg = Release|Any CPU
		{45E0056C-F0B5-42B9-916E-D2CFF306F112}.Release|Any CPU.Build.0 = Release|Any CPU
		{FC9313BD-6718-4B21-A77F-3F0E6ABC775B}.Debug|Any CPU.ActiveCfg = Debug|Any CPU
		{FC9313BD-6718-4B21-A77F-3F0E6ABC775B}.Debug|Any CPU.Build.0 = Debug|Any CPU
		{FC9313BD-6718-4B21-A77F-3F0E6ABC775B}.Release|Any CPU.ActiveCfg = Release|Any CPU
		{FC9313BD-6718-4B21-A77F-3F0E6ABC775B}.Release|Any CPU.Build.0 = Release|Any CPU
		{DA82FA9D-6C87-4070-8007-EE9FD9C177DB}.Debug|Any CPU.ActiveCfg = Debug|Any CPU
		{DA82FA9D-6C87-4070-8007-EE9FD9C177DB}.Debug|Any CPU.Build.0 = Debug|Any CPU
		{DA82FA9D-6C87-4070-8007-EE9FD9C177DB}.Release|Any CPU.ActiveCfg = Release|Any CPU
		{DA82FA9D-6C87-4070-8007-EE9FD9C177DB}.Release|Any CPU.Build.0 = Release|Any CPU
	EndGlobalSection
	GlobalSection(SolutionProperties) = preSolution
		HideSolutionNode = FALSE
	EndGlobalSection
	GlobalSection(ExtensibilityGlobals) = postSolution
		SolutionGuid = {70589F29-7AE5-4E0B-B49D-974B200F9C22}
	EndGlobalSection
EndGlobal
